
Microsoft Visual Studio Solution File, Format Version 12.00
# Visual Studio Version 17
VisualStudioVersion = 17.3.32825.248
MinimumVisualStudioVersion = 10.0.40219.1
Project("{FAE04EC0-301F-11D3-BF4B-00C04F79EFBC}") = "lab8", "lab8\lab8.csproj", "{D352D875-BE8B-4AF3-8F8B-0CB4AF7D0BDA}"
EndProject
Global
	GlobalSection(SolutionConfigurationPlatforms) = preSolution
		Debug|Any CPU = Debug|Any CPU
		Release|Any CPU = Release|Any CPU
	EndGlobalSection
	GlobalSection(ProjectConfigurationPlatforms) = postSolution
		{D352D875-BE8B-4AF3-8F8B-0CB4AF7D0BDA}.Debug|Any CPU.ActiveCfg = Debug|Any CPU
		{D352D875-BE8B-4AF3-8F8B-0CB4AF7D0BDA}.Debug|Any CPU.Build.0 = Debug|Any CPU
		{D352D875-BE8B-4AF3-8F8B-0CB4AF7D0BDA}.Release|Any CPU.ActiveCfg = Release|Any CPU
		{D352D875-BE8B-4AF3-8F8B-0CB4AF7D0BDA}.Release|Any CPU.Build.0 = Release|Any CPU
	EndGlobalSection
	GlobalSection(SolutionProperties) = preSolution
		HideSolutionNode = FALSE
	EndGlobalSection
	GlobalSection(ExtensibilityGlobals) = postSolution
		SolutionGuid = {25C09FE6-254B-4701-A75E-EFC5E7F6F35D}
	EndGlobalSection
EndGlobal
